{
  "name": "@backend/backend",
  "version": "1.0.0",
  "lockfileVersion": 3,
  "requires": true,
  "packages": {
    "": {
      "name": "@backend/backend",
      "version": "1.0.0",
      "license": "ISC",
      "workspaces": [
        "application",
        "feature/database-common",
        "feature/auth/database"
      ],
      "devDependencies": {
        "typescript": "^5.2.2"
      }
    },
    "application": {
      "name": "@backend/application",
      "version": "1.0.0",
      "license": "ISC"
    },
    "feature/auth/database": {
      "name": "@backend/auth-database",
      "version": "1.0.0",
      "license": "ISC",
      "dependencies": {
        "@backend/database-common": "^1.0.0"
      }
    },
    "feature/database-common": {
      "name": "@backend/database-common",
      "version": "1.0.0",
      "license": "ISC"
    },
    "node_modules/@backend/application": {
      "resolved": "application",
      "link": true
    },
    "node_modules/@backend/auth-database": {
      "resolved": "feature/auth/database",
      "link": true
    },
    "node_modules/@backend/database-common": {
      "resolved": "feature/database-common",
      "link": true
    },
    "node_modules/typescript": {
      "version": "5.2.2",
      "resolved": "https://registry.npmjs.org/typescript/-/typescript-5.2.2.tgz",
      "integrity": "sha512-mI4WrpHsbCIcwT9cF4FZvr80QUeKvsUsUvKDoR+X/7XHQH98xYD8YHZg7ANtz2GtZt/CBq2QJ0thkGJMHfqc1w==",
      "dev": true,
      "bin": {
        "tsc": "bin/tsc",
        "tsserver": "bin/tsserver"
      },
      "engines": {
        "node": ">=14.17"
      }
    }
  }
}
